// !$*UTF8*$!
{
	archiveVersion = 1;
	classes = {
	};
	objectVersion = 52;
	objects = {

/* Begin PBXBuildFile section */
		7BAAFE4A23F68CBD00B275CE /* AppDelegate.swift in Sources */ = {isa = PBXBuildFile; fileRef = 7BAAFE4923F68CBD00B275CE /* AppDelegate.swift */; };
		7BAAFE4C23F68CBD00B275CE /* SceneDelegate.swift in Sources */ = {isa = PBXBuildFile; fileRef = 7BAAFE4B23F68CBD00B275CE /* SceneDelegate.swift */; };
		7BAAFE4E23F68CBD00B275CE /* ContentView.swift in Sources */ = {isa = PBXBuildFile; fileRef = 7BAAFE4D23F68CBD00B275CE /* ContentView.swift */; };
		7BAAFE5023F68CC000B275CE /* Assets.xcassets in Resources */ = {isa = PBXBuildFile; fileRef = 7BAAFE4F23F68CC000B275CE /* Assets.xcassets */; };
		7BAAFE5323F68CC000B275CE /* Preview Assets.xcassets in Resources */ = {isa = PBXBuildFile; fileRef = 7BAAFE5223F68CC000B275CE /* Preview Assets.xcassets */; };
		7BAAFE5623F68CC000B275CE /* LaunchScreen.storyboard in Resources */ = {isa = PBXBuildFile; fileRef = 7BAAFE5423F68CC000B275CE /* LaunchScreen.storyboard */; };
		7BAAFE5E23F6ACBD00B275CE /* LocalNotifications.swift in Sources */ = {isa = PBXBuildFile; fileRef = 7BAAFE5D23F6ACBD00B275CE /* LocalNotifications.swift */; };
		7BAAFE6123F6D22100B275CE /* RemoteNotifications.swift in Sources */ = {isa = PBXBuildFile; fileRef = 7BAAFE6023F6D22100B275CE /* RemoteNotifications.swift */; };
		7BAAFE6423F6DFCE00B275CE /* SwiftJWT in Frameworks */ = {isa = PBXBuildFile; productRef = 7BAAFE6323F6DFCE00B275CE /* SwiftJWT */; };
		7BAAFE6723FAB96400B275CE /* CloudKit.framework in Frameworks */ = {isa = PBXBuildFile; fileRef = 7BAAFE6623FAB96400B275CE /* CloudKit.framework */; };
		7BAAFE6923FAC37D00B275CE /* Cloud.swift in Sources */ = {isa = PBXBuildFile; fileRef = 7BAAFE6823FAC37D00B275CE /* Cloud.swift */; };
		7BAAFE6B23FAC49800B275CE /* RSA.swift in Sources */ = {isa = PBXBuildFile; fileRef = 7BAAFE6A23FAC49800B275CE /* RSA.swift */; };
		7BD7F9E6240928C600FB00BE /* UserNotifications.framework in Frameworks */ = {isa = PBXBuildFile; fileRef = 7BD7F9E5240928C600FB00BE /* UserNotifications.framework */; };
		7BD7F9E8240928C600FB00BE /* UserNotificationsUI.framework in Frameworks */ = {isa = PBXBuildFile; fileRef = 7BD7F9E7240928C600FB00BE /* UserNotificationsUI.framework */; };
		7BD7F9EE240928C600FB00BE /* MainInterface.storyboard in Resources */ = {isa = PBXBuildFile; fileRef = 7BD7F9EC240928C600FB00BE /* MainInterface.storyboard */; };
		7BE45ABD240C0F5000D3FF68 /* NotificationViewController.swift in Sources */ = {isa = PBXBuildFile; fileRef = 7BD7F9EA240928C600FB00BE /* NotificationViewController.swift */; };
/* End PBXBuildFile section */

/* Begin PBXContainerItemProxy section */
		7BD7F9F0240928C600FB00BE /* PBXContainerItemProxy */ = {
			isa = PBXContainerItemProxy;
			containerPortal = 7BAAFE3E23F68CBD00B275CE /* Project object */;
			proxyType = 1;
			remoteGlobalIDString = 7BD7F9E3240928C600FB00BE;
			remoteInfo = NoobContentExtension;
		};
/* End PBXContainerItemProxy section */

/* Begin PBXCopyFilesBuildPhase section */
		7BD7F9F3240928C600FB00BE /* Embed App Extensions */ = {
			isa = PBXCopyFilesBuildPhase;
			buildActionMask = 2147483647;
			dstPath = "";
			dstSubfolderSpec = 13;
			files = (
			);
			name = "Embed App Extensions";
			runOnlyForDeploymentPostprocessing = 0;
		};
/* End PBXCopyFilesBuildPhase section */

/* Begin PBXFileReference section */
		7BAAFE4623F68CBD00B275CE /* noob.app */ = {isa = PBXFileReference; explicitFileType = wrapper.application; includeInIndex = 0; path = noob.app; sourceTree = BUILT_PRODUCTS_DIR; };
		7BAAFE4923F68CBD00B275CE /* AppDelegate.swift */ = {isa = PBXFileReference; lastKnownFileType = sourcecode.swift; path = AppDelegate.swift; sourceTree = "<group>"; };
		7BAAFE4B23F68CBD00B275CE /* SceneDelegate.swift */ = {isa = PBXFileReference; lastKnownFileType = sourcecode.swift; path = SceneDelegate.swift; sourceTree = "<group>"; };
		7BAAFE4D23F68CBD00B275CE /* ContentView.swift */ = {isa = PBXFileReference; lastKnownFileType = sourcecode.swift; path = ContentView.swift; sourceTree = "<group>"; };
		7BAAFE4F23F68CC000B275CE /* Assets.xcassets */ = {isa = PBXFileReference; lastKnownFileType = folder.assetcatalog; path = Assets.xcassets; sourceTree = "<group>"; };
		7BAAFE5223F68CC000B275CE /* Preview Assets.xcassets */ = {isa = PBXFileReference; lastKnownFileType = folder.assetcatalog; path = "Preview Assets.xcassets"; sourceTree = "<group>"; };
		7BAAFE5523F68CC000B275CE /* Base */ = {isa = PBXFileReference; lastKnownFileType = file.storyboard; name = Base; path = Base.lproj/LaunchScreen.storyboard; sourceTree = "<group>"; };
		7BAAFE5723F68CC000B275CE /* Info.plist */ = {isa = PBXFileReference; lastKnownFileType = text.plist.xml; path = Info.plist; sourceTree = "<group>"; };
		7BAAFE5D23F6ACBD00B275CE /* LocalNotifications.swift */ = {isa = PBXFileReference; lastKnownFileType = sourcecode.swift; path = LocalNotifications.swift; sourceTree = SOURCE_ROOT; };
		7BAAFE5F23F6D12A00B275CE /* noob.entitlements */ = {isa = PBXFileReference; lastKnownFileType = text.plist.entitlements; path = noob.entitlements; sourceTree = "<group>"; };
		7BAAFE6023F6D22100B275CE /* RemoteNotifications.swift */ = {isa = PBXFileReference; lastKnownFileType = sourcecode.swift; path = RemoteNotifications.swift; sourceTree = SOURCE_ROOT; };
		7BAAFE6623FAB96400B275CE /* CloudKit.framework */ = {isa = PBXFileReference; lastKnownFileType = wrapper.framework; name = CloudKit.framework; path = System/Library/Frameworks/CloudKit.framework; sourceTree = SDKROOT; };
		7BAAFE6823FAC37D00B275CE /* Cloud.swift */ = {isa = PBXFileReference; lastKnownFileType = sourcecode.swift; path = Cloud.swift; sourceTree = "<group>"; };
		7BAAFE6A23FAC49800B275CE /* RSA.swift */ = {isa = PBXFileReference; lastKnownFileType = sourcecode.swift; path = RSA.swift; sourceTree = "<group>"; };
		7BD7F9E4240928C600FB00BE /* NoobContentExtension.appex */ = {isa = PBXFileReference; explicitFileType = "wrapper.app-extension"; includeInIndex = 0; path = NoobContentExtension.appex; sourceTree = BUILT_PRODUCTS_DIR; };
		7BD7F9E5240928C600FB00BE /* UserNotifications.framework */ = {isa = PBXFileReference; lastKnownFileType = wrapper.framework; name = UserNotifications.framework; path = System/Library/Frameworks/UserNotifications.framework; sourceTree = SDKROOT; };
		7BD7F9E7240928C600FB00BE /* UserNotificationsUI.framework */ = {isa = PBXFileReference; lastKnownFileType = wrapper.framework; name = UserNotificationsUI.framework; path = System/Library/Frameworks/UserNotificationsUI.framework; sourceTree = SDKROOT; };
		7BD7F9EA240928C600FB00BE /* NotificationViewController.swift */ = {isa = PBXFileReference; lastKnownFileType = sourcecode.swift; path = NotificationViewController.swift; sourceTree = "<group>"; };
		7BD7F9ED240928C600FB00BE /* Base */ = {isa = PBXFileReference; lastKnownFileType = file.storyboard; name = Base; path = Base.lproj/MainInterface.storyboard; sourceTree = "<group>"; };
		7BD7F9EF240928C600FB00BE /* Info.plist */ = {isa = PBXFileReference; lastKnownFileType = text.plist.xml; path = Info.plist; sourceTree = "<group>"; };
/* End PBXFileReference section */

/* Begin PBXFrameworksBuildPhase section */
		7BAAFE4323F68CBD00B275CE /* Frameworks */ = {
			isa = PBXFrameworksBuildPhase;
			buildActionMask = 2147483647;
			files = (
				7BAAFE6423F6DFCE00B275CE /* SwiftJWT in Frameworks */,
				7BAAFE6723FAB96400B275CE /* CloudKit.framework in Frameworks */,
			);
			runOnlyForDeploymentPostprocessing = 0;
		};
		7BD7F9E1240928C600FB00BE /* Frameworks */ = {
			isa = PBXFrameworksBuildPhase;
			buildActionMask = 2147483647;
			files = (
				7BD7F9E8240928C600FB00BE /* UserNotificationsUI.framework in Frameworks */,
				7BD7F9E6240928C600FB00BE /* UserNotifications.framework in Frameworks */,
			);
			runOnlyForDeploymentPostprocessing = 0;
		};
/* End PBXFrameworksBuildPhase section */

/* Begin PBXGroup section */
		7BAAFE3D23F68CBD00B275CE = {
			isa = PBXGroup;
			children = (
				7BAAFE4823F68CBD00B275CE /* noob */,
				7BD7F9E9240928C600FB00BE /* NoobContentExtension */,
				7BAAFE4723F68CBD00B275CE /* Products */,
				7BAAFE6523FAB96400B275CE /* Frameworks */,
			);
			sourceTree = "<group>";
		};
		7BAAFE4723F68CBD00B275CE /* Products */ = {
			isa = PBXGroup;
			children = (
				7BAAFE4623F68CBD00B275CE /* noob.app */,
				7BD7F9E4240928C600FB00BE /* NoobContentExtension.appex */,
			);
			name = Products;
			sourceTree = "<group>";
		};
		7BAAFE4823F68CBD00B275CE /* noob */ = {
			isa = PBXGroup;
			children = (
				7BAAFE5F23F6D12A00B275CE /* noob.entitlements */,
				7BAAFE6823FAC37D00B275CE /* Cloud.swift */,
				7BAAFE6A23FAC49800B275CE /* RSA.swift */,
				7BAAFE4923F68CBD00B275CE /* AppDelegate.swift */,
				7BAAFE5D23F6ACBD00B275CE /* LocalNotifications.swift */,
				7BAAFE6023F6D22100B275CE /* RemoteNotifications.swift */,
				7BAAFE4B23F68CBD00B275CE /* SceneDelegate.swift */,
				7BAAFE4D23F68CBD00B275CE /* ContentView.swift */,
				7BAAFE4F23F68CC000B275CE /* Assets.xcassets */,
				7BAAFE5423F68CC000B275CE /* LaunchScreen.storyboard */,
				7BAAFE5723F68CC000B275CE /* Info.plist */,
				7BAAFE5123F68CC000B275CE /* Preview Content */,
			);
			path = noob;
			sourceTree = "<group>";
		};
		7BAAFE5123F68CC000B275CE /* Preview Content */ = {
			isa = PBXGroup;
			children = (
				7BAAFE5223F68CC000B275CE /* Preview Assets.xcassets */,
			);
			path = "Preview Content";
			sourceTree = "<group>";
		};
		7BAAFE6523FAB96400B275CE /* Frameworks */ = {
			isa = PBXGroup;
			children = (
				7BAAFE6623FAB96400B275CE /* CloudKit.framework */,
				7BD7F9E5240928C600FB00BE /* UserNotifications.framework */,
				7BD7F9E7240928C600FB00BE /* UserNotificationsUI.framework */,
			);
			name = Frameworks;
			sourceTree = "<group>";
		};
		7BD7F9E9240928C600FB00BE /* NoobContentExtension */ = {
			isa = PBXGroup;
			children = (
				7BD7F9EA240928C600FB00BE /* NotificationViewController.swift */,
				7BD7F9EC240928C600FB00BE /* MainInterface.storyboard */,
				7BD7F9EF240928C600FB00BE /* Info.plist */,
			);
			path = NoobContentExtension;
			sourceTree = "<group>";
		};
/* End PBXGroup section */

/* Begin PBXNativeTarget section */
		7BAAFE4523F68CBD00B275CE /* noob */ = {
			isa = PBXNativeTarget;
			buildConfigurationList = 7BAAFE5A23F68CC000B275CE /* Build configuration list for PBXNativeTarget "noob" */;
			buildPhases = (
				7BAAFE4223F68CBD00B275CE /* Sources */,
				7BAAFE4323F68CBD00B275CE /* Frameworks */,
				7BAAFE4423F68CBD00B275CE /* Resources */,
				7BD7F9F3240928C600FB00BE /* Embed App Extensions */,
			);
			buildRules = (
			);
			dependencies = (
				7BD7F9F1240928C600FB00BE /* PBXTargetDependency */,
			);
			name = noob;
			packageProductDependencies = (
				7BAAFE6323F6DFCE00B275CE /* SwiftJWT */,
			);
			productName = noob;
			productReference = 7BAAFE4623F68CBD00B275CE /* noob.app */;
			productType = "com.apple.product-type.application";
		};
		7BD7F9E3240928C600FB00BE /* NoobContentExtension */ = {
			isa = PBXNativeTarget;
			buildConfigurationList = 7BD7F9F6240928C600FB00BE /* Build configuration list for PBXNativeTarget "NoobContentExtension" */;
			buildPhases = (
				7BD7F9E0240928C600FB00BE /* Sources */,
				7BD7F9E1240928C600FB00BE /* Frameworks */,
				7BD7F9E2240928C600FB00BE /* Resources */,
			);
			buildRules = (
			);
			dependencies = (
			);
			name = NoobContentExtension;
			productName = NoobContentExtension;
			productReference = 7BD7F9E4240928C600FB00BE /* NoobContentExtension.appex */;
			productType = "com.apple.product-type.app-extension";
		};
/* End PBXNativeTarget section */

/* Begin PBXProject section */
		7BAAFE3E23F68CBD00B275CE /* Project object */ = {
			isa = PBXProject;
			attributes = {
				LastSwiftUpdateCheck = 1130;
				LastUpgradeCheck = 1130;
				ORGANIZATIONNAME = "Mark Lucking";
				TargetAttributes = {
					7BAAFE4523F68CBD00B275CE = {
						CreatedOnToolsVersion = 11.3.1;
					};
					7BD7F9E3240928C600FB00BE = {
						CreatedOnToolsVersion = 11.3.1;
					};
				};
			};
			buildConfigurationList = 7BAAFE4123F68CBD00B275CE /* Build configuration list for PBXProject "noob" */;
			compatibilityVersion = "Xcode 9.3";
			developmentRegion = en;
			hasScannedForEncodings = 0;
			knownRegions = (
				en,
				Base,
			);
			mainGroup = 7BAAFE3D23F68CBD00B275CE;
			packageReferences = (
				7BAAFE6223F6DFCE00B275CE /* XCRemoteSwiftPackageReference "Swift-JWT" */,
			);
			productRefGroup = 7BAAFE4723F68CBD00B275CE /* Products */;
			projectDirPath = "";
			projectRoot = "";
			targets = (
				7BAAFE4523F68CBD00B275CE /* noob */,
				7BD7F9E3240928C600FB00BE /* NoobContentExtension */,
			);
		};
/* End PBXProject section */

/* Begin PBXResourcesBuildPhase section */
		7BAAFE4423F68CBD00B275CE /* Resources */ = {
			isa = PBXResourcesBuildPhase;
			buildActionMask = 2147483647;
			files = (
				7BAAFE5623F68CC000B275CE /* LaunchScreen.storyboard in Resources */,
				7BAAFE5323F68CC000B275CE /* Preview Assets.xcassets in Resources */,
				7BAAFE5023F68CC000B275CE /* Assets.xcassets in Resources */,
			);
			runOnlyForDeploymentPostprocessing = 0;
		};
		7BD7F9E2240928C600FB00BE /* Resources */ = {
			isa = PBXResourcesBuildPhase;
			buildActionMask = 2147483647;
			files = (
				7BD7F9EE240928C600FB00BE /* MainInterface.storyboard in Resources */,
			);
			runOnlyForDeploymentPostprocessing = 0;
		};
/* End PBXResourcesBuildPhase section */

/* Begin PBXSourcesBuildPhase section */
		7BAAFE4223F68CBD00B275CE /* Sources */ = {
			isa = PBXSourcesBuildPhase;
			buildActionMask = 2147483647;
			files = (
				7BAAFE6123F6D22100B275CE /* RemoteNotifications.swift in Sources */,
				7BAAFE5E23F6ACBD00B275CE /* LocalNotifications.swift in Sources */,
				7BAAFE4A23F68CBD00B275CE /* AppDelegate.swift in Sources */,
				7BAAFE4C23F68CBD00B275CE /* SceneDelegate.swift in Sources */,
				7BAAFE6B23FAC49800B275CE /* RSA.swift in Sources */,
				7BAAFE4E23F68CBD00B275CE /* ContentView.swift in Sources */,
				7BAAFE6923FAC37D00B275CE /* Cloud.swift in Sources */,
			);
			runOnlyForDeploymentPostprocessing = 0;
		};
		7BD7F9E0240928C600FB00BE /* Sources */ = {
			isa = PBXSourcesBuildPhase;
			buildActionMask = 2147483647;
			files = (
				7BE45ABD240C0F5000D3FF68 /* NotificationViewController.swift in Sources */,
			);
			runOnlyForDeploymentPostprocessing = 0;
		};
/* End PBXSourcesBuildPhase section */

/* Begin PBXTargetDependency section */
		7BD7F9F1240928C600FB00BE /* PBXTargetDependency */ = {
			isa = PBXTargetDependency;
			target = 7BD7F9E3240928C600FB00BE /* NoobContentExtension */;
			targetProxy = 7BD7F9F0240928C600FB00BE /* PBXContainerItemProxy */;
		};
/* End PBXTargetDependency section */

/* Begin PBXVariantGroup section */
		7BAAFE5423F68CC000B275CE /* LaunchScreen.storyboard */ = {
			isa = PBXVariantGroup;
			children = (
				7BAAFE5523F68CC000B275CE /* Base */,
			);
			name = LaunchScreen.storyboard;
			sourceTree = "<group>";
		};
		7BD7F9EC240928C600FB00BE /* MainInterface.storyboard */ = {
			isa = PBXVariantGroup;
			children = (
				7BD7F9ED240928C600FB00BE /* Base */,
			);
			name = MainInterface.storyboard;
			sourceTree = "<group>";
		};
/* End PBXVariantGroup section */

/* Begin XCBuildConfiguration section */
		7BAAFE5823F68CC000B275CE /* Debug */ = {
			isa = XCBuildConfiguration;
			buildSettings = {
				ALWAYS_SEARCH_USER_PATHS = NO;
				CLANG_ANALYZER_NONNULL = YES;
				CLANG_ANALYZER_NUMBER_OBJECT_CONVERSION = YES_AGGRESSIVE;
				CLANG_CXX_LANGUAGE_STANDARD = "gnu++14";
				CLANG_CXX_LIBRARY = "libc++";
				CLANG_ENABLE_MODULES = YES;
				CLANG_ENABLE_OBJC_ARC = YES;
				CLANG_ENABLE_OBJC_WEAK = YES;
				CLANG_WARN_BLOCK_CAPTURE_AUTORELEASING = YES;
				CLANG_WARN_BOOL_CONVERSION = YES;
				CLANG_WARN_COMMA = YES;
				CLANG_WARN_CONSTANT_CONVERSION = YES;
				CLANG_WARN_DEPRECATED_OBJC_IMPLEMENTATIONS = YES;
				CLANG_WARN_DIRECT_OBJC_ISA_USAGE = YES_ERROR;
				CLANG_WARN_DOCUMENTATION_COMMENTS = YES;
				CLANG_WARN_EMPTY_BODY = YES;
				CLANG_WARN_ENUM_CONVERSION = YES;
				CLANG_WARN_INFINITE_RECURSION = YES;
				CLANG_WARN_INT_CONVERSION = YES;
				CLANG_WARN_NON_LITERAL_NULL_CONVERSION = YES;
				CLANG_WARN_OBJC_IMPLICIT_RETAIN_SELF = YES;
				CLANG_WARN_OBJC_LITERAL_CONVERSION = YES;
				CLANG_WARN_OBJC_ROOT_CLASS = YES_ERROR;
				CLANG_WARN_RANGE_LOOP_ANALYSIS = YES;
				CLANG_WARN_STRICT_PROTOTYPES = YES;
				CLANG_WARN_SUSPICIOUS_MOVE = YES;
				CLANG_WARN_UNGUARDED_AVAILABILITY = YES_AGGRESSIVE;
				CLANG_WARN_UNREACHABLE_CODE = YES;
				CLANG_WARN__DUPLICATE_METHOD_MATCH = YES;
				COPY_PHASE_STRIP = NO;
				DEBUG_INFORMATION_FORMAT = dwarf;
				ENABLE_STRICT_OBJC_MSGSEND = YES;
				ENABLE_TESTABILITY = YES;
				GCC_C_LANGUAGE_STANDARD = gnu11;
				GCC_DYNAMIC_NO_PIC = NO;
				GCC_NO_COMMON_BLOCKS = YES;
				GCC_OPTIMIZATION_LEVEL = 0;
				GCC_PREPROCESSOR_DEFINITIONS = (
					"DEBUG=1",
					"$(inherited)",
				);
				GCC_WARN_64_TO_32_BIT_CONVERSION = YES;
				GCC_WARN_ABOUT_RETURN_TYPE = YES_ERROR;
				GCC_WARN_UNDECLARED_SELECTOR = YES;
				GCC_WARN_UNINITIALIZED_AUTOS = YES_AGGRESSIVE;
				GCC_WARN_UNUSED_FUNCTION = YES;
				GCC_WARN_UNUSED_VARIABLE = YES;
				IPHONEOS_DEPLOYMENT_TARGET = 13.2;
				MTL_ENABLE_DEBUG_INFO = INCLUDE_SOURCE;
				MTL_FAST_MATH = YES;
				ONLY_ACTIVE_ARCH = YES;
				SDKROOT = iphoneos;
				SWIFT_ACTIVE_COMPILATION_CONDITIONS = DEBUG;
				SWIFT_OPTIMIZATION_LEVEL = "-Onone";
			};
			name = Debug;
		};
		7BAAFE5923F68CC000B275CE /* Release */ = {
			isa = XCBuildConfiguration;
			buildSettings = {
				ALWAYS_SEARCH_USER_PATHS = NO;
				CLANG_ANALYZER_NONNULL = YES;
				CLANG_ANALYZER_NUMBER_OBJECT_CONVERSION = YES_AGGRESSIVE;
				CLANG_CXX_LANGUAGE_STANDARD = "gnu++14";
				CLANG_CXX_LIBRARY = "libc++";
				CLANG_ENABLE_MODULES = YES;
				CLANG_ENABLE_OBJC_ARC = YES;
				CLANG_ENABLE_OBJC_WEAK = YES;
				CLANG_WARN_BLOCK_CAPTURE_AUTORELEASING = YES;
				CLANG_WARN_BOOL_CONVERSION = YES;
				CLANG_WARN_COMMA = YES;
				CLANG_WARN_CONSTANT_CONVERSION = YES;
				CLANG_WARN_DEPRECATED_OBJC_IMPLEMENTATIONS = YES;
				CLANG_WARN_DIRECT_OBJC_ISA_USAGE = YES_ERROR;
				CLANG_WARN_DOCUMENTATION_COMMENTS = YES;
				CLANG_WARN_EMPTY_BODY = YES;
				CLANG_WARN_ENUM_CONVERSION = YES;
				CLANG_WARN_INFINITE_RECURSION = YES;
				CLANG_WARN_INT_CONVERSION = YES;
				CLANG_WARN_NON_LITERAL_NULL_CONVERSION = YES;
				CLANG_WARN_OBJC_IMPLICIT_RETAIN_SELF = YES;
				CLANG_WARN_OBJC_LITERAL_CONVERSION = YES;
				CLANG_WARN_OBJC_ROOT_CLASS = YES_ERROR;
				CLANG_WARN_RANGE_LOOP_ANALYSIS = YES;
				CLANG_WARN_STRICT_PROTOTYPES = YES;
				CLANG_WARN_SUSPICIOUS_MOVE = YES;
				CLANG_WARN_UNGUARDED_AVAILABILITY = YES_AGGRESSIVE;
				CLANG_WARN_UNREACHABLE_CODE = YES;
				CLANG_WARN__DUPLICATE_METHOD_MATCH = YES;
				COPY_PHASE_STRIP = NO;
				DEBUG_INFORMATION_FORMAT = "dwarf-with-dsym";
				ENABLE_NS_ASSERTIONS = NO;
				ENABLE_STRICT_OBJC_MSGSEND = YES;
				GCC_C_LANGUAGE_STANDARD = gnu11;
				GCC_NO_COMMON_BLOCKS = YES;
				GCC_WARN_64_TO_32_BIT_CONVERSION = YES;
				GCC_WARN_ABOUT_RETURN_TYPE = YES_ERROR;
				GCC_WARN_UNDECLARED_SELECTOR = YES;
				GCC_WARN_UNINITIALIZED_AUTOS = YES_AGGRESSIVE;
				GCC_WARN_UNUSED_FUNCTION = YES;
				GCC_WARN_UNUSED_VARIABLE = YES;
				IPHONEOS_DEPLOYMENT_TARGET = 13.2;
				MTL_ENABLE_DEBUG_INFO = NO;
				MTL_FAST_MATH = YES;
				SDKROOT = iphoneos;
				SWIFT_COMPILATION_MODE = wholemodule;
				SWIFT_OPTIMIZATION_LEVEL = "-O";
				VALIDATE_PRODUCT = YES;
			};
			name = Release;
		};
		7BAAFE5B23F68CC000B275CE /* Debug */ = {
			isa = XCBuildConfiguration;
			buildSettings = {
				ALWAYS_EMBED_SWIFT_STANDARD_LIBRARIES = YES;
				ASSETCATALOG_COMPILER_APPICON_NAME = AppIcon;
				CODE_SIGN_ENTITLEMENTS = noob/noob.entitlements;
				CODE_SIGN_STYLE = Automatic;
				DEVELOPMENT_ASSET_PATHS = "\"noob/Preview Content\"";
				DEVELOPMENT_TEAM = CWGS87U262;
				ENABLE_PREVIEWS = YES;
				INFOPLIST_FILE = noob/Info.plist;
				LD_RUNPATH_SEARCH_PATHS = (
					"$(inherited)",
					"@executable_path/Frameworks",
				);
				PRODUCT_BUNDLE_IDENTIFIER = ch.cqd.noob;
				PRODUCT_NAME = "$(TARGET_NAME)";
				SWIFT_VERSION = 5.0;
				TARGETED_DEVICE_FAMILY = "1,2";
			};
			name = Debug;
		};
		7BAAFE5C23F68CC000B275CE /* Release */ = {
			isa = XCBuildConfiguration;
			buildSettings = {
				ALWAYS_EMBED_SWIFT_STANDARD_LIBRARIES = YES;
				ASSETCATALOG_COMPILER_APPICON_NAME = AppIcon;
				CODE_SIGN_ENTITLEMENTS = noob/noob.entitlements;
				CODE_SIGN_STYLE = Automatic;
				DEVELOPMENT_ASSET_PATHS = "\"noob/Preview Content\"";
				DEVELOPMENT_TEAM = CWGS87U262;
				ENABLE_PREVIEWS = YES;
				INFOPLIST_FILE = noob/Info.plist;
				LD_RUNPATH_SEARCH_PATHS = (
					"$(inherited)",
					"@executable_path/Frameworks",
				);
				PRODUCT_BUNDLE_IDENTIFIER = ch.cqd.noob;
				PRODUCT_NAME = "$(TARGET_NAME)";
				SWIFT_VERSION = 5.0;
				TARGETED_DEVICE_FAMILY = "1,2";
			};
			name = Release;
		};
		7BD7F9F4240928C600FB00BE /* Debug */ = {
			isa = XCBuildConfiguration;
			buildSettings = {
				CODE_SIGN_STYLE = Automatic;
				DEVELOPMENT_TEAM = CWGS87U262;
				INFOPLIST_FILE = NoobContentExtension/Info.plist;
				LD_RUNPATH_SEARCH_PATHS = (
					"$(inherited)",
					"@executable_path/Frameworks",
					"@executable_path/../../Frameworks",
				);
				PRODUCT_BUNDLE_IDENTIFIER = ch.cqd.noob.NoobContentExtension;
				PRODUCT_NAME = "$(TARGET_NAME)";
				SKIP_INSTALL = YES;
				SWIFT_VERSION = 5.0;
				TARGETED_DEVICE_FAMILY = "1,2";
			};
			name = Debug;
		};
		7BD7F9F5240928C600FB00BE /* Release */ = {
			isa = XCBuildConfiguration;
			buildSettings = {
				CODE_SIGN_STYLE = Automatic;
				DEVELOPMENT_TEAM = CWGS87U262;
				INFOPLIST_FILE = NoobContentExtension/Info.plist;
				LD_RUNPATH_SEARCH_PATHS = (
					"$(inherited)",
					"@executable_path/Frameworks",
					"@executable_path/../../Frameworks",
				);
				PRODUCT_BUNDLE_IDENTIFIER = ch.cqd.noob.NoobContentExtension;
				PRODUCT_NAME = "$(TARGET_NAME)";
				SKIP_INSTALL = YES;
				SWIFT_VERSION = 5.0;
				TARGETED_DEVICE_FAMILY = "1,2";
			};
			name = Release;
		};
/* End XCBuildConfiguration section */

/* Begin XCConfigurationList section */
		7BAAFE4123F68CBD00B275CE /* Build configuration list for PBXProject "noob" */ = {
			isa = XCConfigurationList;
			buildConfigurations = (
				7BAAFE5823F68CC000B275CE /* Debug */,
				7BAAFE5923F68CC000B275CE /* Release */,
			);
			defaultConfigurationIsVisible = 0;
			defaultConfigurationName = Release;
		};
		7BAAFE5A23F68CC000B275CE /* Build configuration list for PBXNativeTarget "noob" */ = {
			isa = XCConfigurationList;
			buildConfigurations = (
				7BAAFE5B23F68CC000B275CE /* Debug */,
				7BAAFE5C23F68CC000B275CE /* Release */,
			);
			defaultConfigurationIsVisible = 0;
			defaultConfigurationName = Release;
		};
		7BD7F9F6240928C600FB00BE /* Build configuration list for PBXNativeTarget "NoobContentExtension" */ = {
			isa = XCConfigurationList;
			buildConfigurations = (
				7BD7F9F4240928C600FB00BE /* Debug */,
				7BD7F9F5240928C600FB00BE /* Release */,
			);
			defaultConfigurationIsVisible = 0;
			defaultConfigurationName = Release;
		};
/* End XCConfigurationList section */

/* Begin XCRemoteSwiftPackageReference section */
		7BAAFE6223F6DFCE00B275CE /* XCRemoteSwiftPackageReference "Swift-JWT" */ = {
			isa = XCRemoteSwiftPackageReference;
			repositoryURL = "https://github.com/IBM-Swift/Swift-JWT";
			requirement = {
				kind = upToNextMajorVersion;
				minimumVersion = 3.6.1;
			};
		};
/* End XCRemoteSwiftPackageReference section */

/* Begin XCSwiftPackageProductDependency section */
		7BAAFE6323F6DFCE00B275CE /* SwiftJWT */ = {
			isa = XCSwiftPackageProductDependency;
			package = 7BAAFE6223F6DFCE00B275CE /* XCRemoteSwiftPackageReference "Swift-JWT" */;
			productName = SwiftJWT;
		};
/* End XCSwiftPackageProductDependency section */
	};
	rootObject = 7BAAFE3E23F68CBD00B275CE /* Project object */;
}
